
Microsoft Visual Studio Solution File, Format Version 12.00
# Visual Studio Version 17
VisualStudioVersion = 17.14.36221.1 d17.14
MinimumVisualStudioVersion = 10.0.40219.1
Project("{FAE04EC0-301F-11D3-BF4B-00C04F79EFBC}") = "WinFormsApp1", "WinFormsApp1\WinFormsApp1.csproj", "{61642A94-9F08-4825-8BA6-A50B1FBB4E23}"
EndProject
Global
	GlobalSection(SolutionConfigurationPlatforms) = preSolution
		Debug|Any CPU = Debug|Any CPU
		Release|Any CPU = Release|Any CPU
	EndGlobalSection
	GlobalSection(ProjectConfigurationPlatforms) = postSolution
		{61642A94-9F08-4825-8BA6-A50B1FBB4E23}.Debug|Any CPU.ActiveCfg = Debug|Any CPU
		{61642A94-9F08-4825-8BA6-A50B1FBB4E23}.Debug|Any CPU.Build.0 = Debug|Any CPU
		{61642A94-9F08-4825-8BA6-A50B1FBB4E23}.Release|Any CPU.ActiveCfg = Release|Any CPU
		{61642A94-9F08-4825-8BA6-A50B1FBB4E23}.Release|Any CPU.Build.0 = Release|Any CPU
	EndGlobalSection
	GlobalSection(SolutionProperties) = preSolution
		HideSolutionNode = FALSE
	EndGlobalSection
	GlobalSection(ExtensibilityGlobals) = postSolution
		SolutionGuid = {31841C93-C0BA-4E70-8027-317407A46453}
	EndGlobalSection
EndGlobal
